
Microsoft Visual Studio Solution File, Format Version 12.00
# Visual Studio Version 16
VisualStudioVersion = 16.0.28803.352
MinimumVisualStudioVersion = 10.0.40219.1
Project("{FAE04EC0-301F-11D3-BF4B-00C04F79EFBC}") = "Sobrecarga", "Sobrecarga.csproj", "{DB4ACC6F-2A09-492E-9425-701F853EC7DC}"
EndProject
Global
	GlobalSection(SolutionConfigurationPlatforms) = preSolution
		Debug|Any CPU = Debug|Any CPU
		Release|Any CPU = Release|Any CPU
	EndGlobalSection
	GlobalSection(ProjectConfigurationPlatforms) = postSolution
		{DB4ACC6F-2A09-492E-9425-701F853EC7DC}.Debug|Any CPU.ActiveCfg = Debug|Any CPU
		{DB4ACC6F-2A09-492E-9425-701F853EC7DC}.Debug|Any CPU.Build.0 = Debug|Any CPU
		{DB4ACC6F-2A09-492E-9425-701F853EC7DC}.Release|Any CPU.ActiveCfg = Release|Any CPU
		{DB4ACC6F-2A09-492E-9425-701F853EC7DC}.Release|Any CPU.Build.0 = Release|Any CPU
	EndGlobalSection
	GlobalSection(SolutionProperties) = preSolution
		HideSolutionNode = FALSE
	EndGlobalSection
	GlobalSection(ExtensibilityGlobals) = postSolution
		SolutionGuid = {5E4FFDB5-94EE-4D59-ADF5-B7B4BF495E48}
	EndGlobalSection
EndGlobal
